
Microsoft Visual Studio Solution File, Format Version 12.00
# Visual Studio 14
VisualStudioVersion = 14.0.25123.0
MinimumVisualStudioVersion = 10.0.40219.1
Project("{8BC9CEB8-8B4A-11D0-8D11-00A0C91BC942}") = "CHAI3D", "..\external\CHAI3D\CHAI3D-VS2015.vcxproj", "{A9F01342-5463-4634-B1F9-BF98CD5591B0}"
EndProject
Project("{8BC9CEB8-8B4A-11D0-8D11-00A0C91BC942}") = "glfw", "..\external\CHAI3D\extras\GLFW\glfw-VS2015.vcxproj", "{71AF75A0-52B6-4C1B-8E56-CB31C6741A18}"
EndProject
Project("{8BC9CEB8-8B4A-11D0-8D11-00A0C91BC942}") = "Example", "Example\Example.vcxproj", "{51E0BDD4-EBC4-4605-9E0A-32E2842BDA58}"
	ProjectSection(ProjectDependencies) = postProject
		{A9F01342-5463-4634-B1F9-BF98CD5591B0} = {A9F01342-5463-4634-B1F9-BF98CD5591B0}
		{71AF75A0-52B6-4C1B-8E56-CB31C6741A18} = {71AF75A0-52B6-4C1B-8E56-CB31C6741A18}
	EndProjectSection
EndProject
Global
	GlobalSection(SolutionConfigurationPlatforms) = preSolution
		Debug|Win32 = Debug|Win32
		Debug|x64 = Debug|x64
		Release|Win32 = Release|Win32
		Release|x64 = Release|x64
	EndGlobalSection
	GlobalSection(ProjectConfigurationPlatforms) = postSolution
		{A9F01342-5463-4634-B1F9-BF98CD5591B0}.Debug|Win32.ActiveCfg = Debug|Win32
		{A9F01342-5463-4634-B1F9-BF98CD5591B0}.Debug|Win32.Build.0 = Debug|Win32
		{A9F01342-5463-4634-B1F9-BF98CD5591B0}.Debug|x64.ActiveCfg = Debug|x64
		{A9F01342-5463-4634-B1F9-BF98CD5591B0}.Debug|x64.Build.0 = Debug|x64
		{A9F01342-5463-4634-B1F9-BF98CD5591B0}.Release|Win32.ActiveCfg = Release|Win32
		{A9F01342-5463-4634-B1F9-BF98CD5591B0}.Release|Win32.Build.0 = Release|Win32
		{A9F01342-5463-4634-B1F9-BF98CD5591B0}.Release|x64.ActiveCfg = Release|x64
		{A9F01342-5463-4634-B1F9-BF98CD5591B0}.Release|x64.Build.0 = Release|x64
		{71AF75A0-52B6-4C1B-8E56-CB31C6741A18}.Debug|Win32.ActiveCfg = Debug|Win32
		{71AF75A0-52B6-4C1B-8E56-CB31C6741A18}.Debug|Win32.Build.0 = Debug|Win32
		{71AF75A0-52B6-4C1B-8E56-CB31C6741A18}.Debug|x64.ActiveCfg = Debug|x64
		{71AF75A0-52B6-4C1B-8E56-CB31C6741A18}.Debug|x64.Build.0 = Debug|x64
		{71AF75A0-52B6-4C1B-8E56-CB31C6741A18}.Release|Win32.ActiveCfg = Release|Win32
		{71AF75A0-52B6-4C1B-8E56-CB31C6741A18}.Release|Win32.Build.0 = Release|Win32
		{71AF75A0-52B6-4C1B-8E56-CB31C6741A18}.Release|x64.ActiveCfg = Release|x64
		{71AF75A0-52B6-4C1B-8E56-CB31C6741A18}.Release|x64.Build.0 = Release|x64
		{51E0BDD4-EBC4-4605-9E0A-32E2842BDA58}.Debug|Win32.ActiveCfg = Debug|Win32
		{51E0BDD4-EBC4-4605-9E0A-32E2842BDA58}.Debug|Win32.Build.0 = Debug|Win32
		{51E0BDD4-EBC4-4605-9E0A-32E2842BDA58}.Debug|x64.ActiveCfg = Debug|x64
		{51E0BDD4-EBC4-4605-9E0A-32E2842BDA58}.Debug|x64.Build.0 = Debug|x64
		{51E0BDD4-EBC4-4605-9E0A-32E2842BDA58}.Release|Win32.ActiveCfg = Release|Win32
		{51E0BDD4-EBC4-4605-9E0A-32E2842BDA58}.Release|Win32.Build.0 = Release|Win32
		{51E0BDD4-EBC4-4605-9E0A-32E2842BDA58}.Release|x64.ActiveCfg = Release|x64
		{51E0BDD4-EBC4-4605-9E0A-32E2842BDA58}.Release|x64.Build.0 = Release|x64
	EndGlobalSection
	GlobalSection(SolutionProperties) = preSolution
		HideSolutionNode = FALSE
	EndGlobalSection
EndGlobal
